
Microsoft Visual Studio Solution File, Format Version 12.00
# Visual Studio Version 16
VisualStudioVersion = 16.0.30128.74
MinimumVisualStudioVersion = 10.0.40219.1
Project("{FAE04EC0-301F-11D3-BF4B-00C04F79EFBC}") = "Web", "Web\Web.csproj", "{7F9453F3-2F58-4649-9880-BB54AB80A08E}"
EndProject
Project("{FAE04EC0-301F-11D3-BF4B-00C04F79EFBC}") = "Domain", "Domain\Domain.csproj", "{4E67FFD7-33B3-4512-9192-1841E1DEE135}"
EndProject
Project("{FAE04EC0-301F-11D3-BF4B-00C04F79EFBC}") = "Infrastructure", "Infrastructure\Infrastructure.csproj", "{2D701F8D-7811-4D85-A47E-D1F5F6CD011E}"
EndProject
Global
	GlobalSection(SolutionConfigurationPlatforms) = preSolution
		Debug|Any CPU = Debug|Any CPU
		Release|Any CPU = Release|Any CPU
	EndGlobalSection
	GlobalSection(ProjectConfigurationPlatforms) = postSolution
		{7F9453F3-2F58-4649-9880-BB54AB80A08E}.Debug|Any CPU.ActiveCfg = Debug|Any CPU
		{7F9453F3-2F58-4649-9880-BB54AB80A08E}.Debug|Any CPU.Build.0 = Debug|Any CPU
		{7F9453F3-2F58-4649-9880-BB54AB80A08E}.Release|Any CPU.ActiveCfg = Release|Any CPU
		{7F9453F3-2F58-4649-9880-BB54AB80A08E}.Release|Any CPU.Build.0 = Release|Any CPU
		{4E67FFD7-33B3-4512-9192-1841E1DEE135}.Debug|Any CPU.ActiveCfg = Debug|Any CPU
		{4E67FFD7-33B3-4512-9192-1841E1DEE135}.Debug|Any CPU.Build.0 = Debug|Any CPU
		{4E67FFD7-33B3-4512-9192-1841E1DEE135}.Release|Any CPU.ActiveCfg = Release|Any CPU
		{4E67FFD7-33B3-4512-9192-1841E1DEE135}.Release|Any CPU.Build.0 = Release|Any CPU
		{2D701F8D-7811-4D85-A47E-D1F5F6CD011E}.Debug|Any CPU.ActiveCfg = Debug|Any CPU
		{2D701F8D-7811-4D85-A47E-D1F5F6CD011E}.Debug|Any CPU.Build.0 = Debug|Any CPU
		{2D701F8D-7811-4D85-A47E-D1F5F6CD011E}.Release|Any CPU.ActiveCfg = Release|Any CPU
		{2D701F8D-7811-4D85-A47E-D1F5F6CD011E}.Release|Any CPU.Build.0 = Release|Any CPU
	EndGlobalSection
	GlobalSection(SolutionProperties) = preSolution
		HideSolutionNode = FALSE
	EndGlobalSection
	GlobalSection(ExtensibilityGlobals) = postSolution
		SolutionGuid = {991FF808-18D5-423D-8BFF-0181B8BB7E7A}
	EndGlobalSection
EndGlobal
